
Microsoft Visual Studio Solution File, Format Version 12.00
# Visual Studio Version 16
VisualStudioVersion = 16.0.30611.23
MinimumVisualStudioVersion = 10.0.40219.1
Project("{FAE04EC0-301F-11D3-BF4B-00C04F79EFBC}") = "Pomodoro.UWP", "Pomodoro\Pomodoro.UWP\Pomodoro.UWP.csproj", "{D8E75C49-F4A6-4C2E-B02A-A411F38541CE}"
EndProject
Project("{FAE04EC0-301F-11D3-BF4B-00C04F79EFBC}") = "Pomodoro.Android", "Pomodoro\Pomodoro.Android\Pomodoro.Android.csproj", "{EC769B7C-967D-4D08-9B63-B669F576BCC0}"
EndProject
Project("{FAE04EC0-301F-11D3-BF4B-00C04F79EFBC}") = "Pomodoro.iOS", "Pomodoro\Pomodoro.iOS\Pomodoro.iOS.csproj", "{B816F1FA-2972-45FF-8988-32966BCAD9C4}"
EndProject
Project("{FAE04EC0-301F-11D3-BF4B-00C04F79EFBC}") = "Pomodoro", "Pomodoro\Pomodoro\Pomodoro.csproj", "{8F29FA16-98D2-4C1A-B442-31FD0C4DFEC6}"
EndProject
Global
	GlobalSection(SolutionConfigurationPlatforms) = preSolution
		Debug|Any CPU = Debug|Any CPU
		Debug|ARM = Debug|ARM
		Debug|iPhone = Debug|iPhone
		Debug|iPhoneSimulator = Debug|iPhoneSimulator
		Debug|x64 = Debug|x64
		Debug|x86 = Debug|x86
		Release|Any CPU = Release|Any CPU
		Release|ARM = Release|ARM
		Release|iPhone = Release|iPhone
		Release|iPhoneSimulator = Release|iPhoneSimulator
		Release|x64 = Release|x64
		Release|x86 = Release|x86
	EndGlobalSection
	GlobalSection(ProjectConfigurationPlatforms) = postSolution
		{D8E75C49-F4A6-4C2E-B02A-A411F38541CE}.Debug|Any CPU.ActiveCfg = Debug|x86
		{D8E75C49-F4A6-4C2E-B02A-A411F38541CE}.Debug|Any CPU.Build.0 = Debug|x86
		{D8E75C49-F4A6-4C2E-B02A-A411F38541CE}.Debug|Any CPU.Deploy.0 = Debug|x86
		{D8E75C49-F4A6-4C2E-B02A-A411F38541CE}.Debug|ARM.ActiveCfg = Debug|ARM
		{D8E75C49-F4A6-4C2E-B02A-A411F38541CE}.Debug|ARM.Build.0 = Debug|ARM
		{D8E75C49-F4A6-4C2E-B02A-A411F38541CE}.Debug|ARM.Deploy.0 = Debug|ARM
		{D8E75C49-F4A6-4C2E-B02A-A411F38541CE}.Debug|iPhone.ActiveCfg = Debug|x86
		{D8E75C49-F4A6-4C2E-B02A-A411F38541CE}.Debug|iPhone.Build.0 = Debug|x86
		{D8E75C49-F4A6-4C2E-B02A-A411F38541CE}.Debug|iPhone.Deploy.0 = Debug|x86
		{D8E75C49-F4A6-4C2E-B02A-A411F38541CE}.Debug|iPhoneSimulator.ActiveCfg = Debug|x86
		{D8E75C49-F4A6-4C2E-B02A-A411F38541CE}.Debug|iPhoneSimulator.Build.0 = Debug|x86
		{D8E75C49-F4A6-4C2E-B02A-A411F38541CE}.Debug|iPhoneSimulator.Deploy.0 = Debug|x86
		{D8E75C49-F4A6-4C2E-B02A-A411F38541CE}.Debug|x64.ActiveCfg = Debug|x64
		{D8E75C49-F4A6-4C2E-B02A-A411F38541CE}.Debug|x64.Build.0 = Debug|x64
		{D8E75C49-F4A6-4C2E-B02A-A411F38541CE}.Debug|x64.Deploy.0 = Debug|x64
		{D8E75C49-F4A6-4C2E-B02A-A411F38541CE}.Debug|x86.ActiveCfg = Debug|x86
		{D8E75C49-F4A6-4C2E-B02A-A411F38541CE}.Debug|x86.Build.0 = Debug|x86
		{D8E75C49-F4A6-4C2E-B02A-A411F38541CE}.Debug|x86.Deploy.0 = Debug|x86
		{D8E75C49-F4A6-4C2E-B02A-A411F38541CE}.Release|Any CPU.ActiveCfg = Release|x86
		{D8E75C49-F4A6-4C2E-B02A-A411F38541CE}.Release|Any CPU.Build.0 = Release|x86
		{D8E75C49-F4A6-4C2E-B02A-A411F38541CE}.Release|Any CPU.Deploy.0 = Release|x86
		{D8E75C49-F4A6-4C2E-B02A-A411F38541CE}.Release|ARM.ActiveCfg = Release|ARM
		{D8E75C49-F4A6-4C2E-B02A-A411F38541CE}.Release|ARM.Build.0 = Release|ARM
		{D8E75C49-F4A6-4C2E-B02A-A411F38541CE}.Release|ARM.Deploy.0 = Release|ARM
		{D8E75C49-F4A6-4C2E-B02A-A411F38541CE}.Release|iPhone.ActiveCfg = Release|x86
		{D8E75C49-F4A6-4C2E-B02A-A411F38541CE}.Release|iPhone.Build.0 = Release|x86
		{D8E75C49-F4A6-4C2E-B02A-A411F38541CE}.Release|iPhone.Deploy.0 = Release|x86
		{D8E75C49-F4A6-4C2E-B02A-A411F38541CE}.Release|iPhoneSimulator.ActiveCfg = Release|x86
		{D8E75C49-F4A6-4C2E-B02A-A411F38541CE}.Release|iPhoneSimulator.Build.0 = Release|x86
		{D8E75C49-F4A6-4C2E-B02A-A411F38541CE}.Release|iPhoneSimulator.Deploy.0 = Release|x86
		{D8E75C49-F4A6-4C2E-B02A-A411F38541CE}.Release|x64.ActiveCfg = Release|x64
		{D8E75C49-F4A6-4C2E-B02A-A411F38541CE}.Release|x64.Build.0 = Release|x64
		{D8E75C49-F4A6-4C2E-B02A-A411F38541CE}.Release|x64.Deploy.0 = Release|x64
		{D8E75C49-F4A6-4C2E-B02A-A411F38541CE}.Release|x86.ActiveCfg = Release|x86
		{D8E75C49-F4A6-4C2E-B02A-A411F38541CE}.Release|x86.Build.0 = Release|x86
		{D8E75C49-F4A6-4C2E-B02A-A411F38541CE}.Release|x86.Deploy.0 = Release|x86
		{EC769B7C-967D-4D08-9B63-B669F576BCC0}.Debug|Any CPU.ActiveCfg = Debug|Any CPU
		{EC769B7C-967D-4D08-9B63-B669F576BCC0}.Debug|Any CPU.Build.0 = Debug|Any CPU
		{EC769B7C-967D-4D08-9B63-B669F576BCC0}.Debug|Any CPU.Deploy.0 = Debug|Any CPU
		{EC769B7C-967D-4D08-9B63-B669F576BCC0}.Debug|ARM.ActiveCfg = Debug|Any CPU
		{EC769B7C-967D-4D08-9B63-B669F576BCC0}.Debug|ARM.Build.0 = Debug|Any CPU
		{EC769B7C-967D-4D08-9B63-B669F576BCC0}.Debug|ARM.Deploy.0 = Debug|Any CPU
		{EC769B7C-967D-4D08-9B63-B669F576BCC0}.Debug|iPhone.ActiveCfg = Debug|Any CPU
		{EC769B7C-967D-4D08-9B63-B669F576BCC0}.Debug|iPhone.Build.0 = Debug|Any CPU
		{EC769B7C-967D-4D08-9B63-B669F576BCC0}.Debug|iPhone.Deploy.0 = Debug|Any CPU
		{EC769B7C-967D-4D08-9B63-B669F576BCC0}.Debug|iPhoneSimulator.ActiveCfg = Debug|Any CPU
		{EC769B7C-967D-4D08-9B63-B669F576BCC0}.Debug|iPhoneSimulator.Build.0 = Debug|Any CPU
		{EC769B7C-967D-4D08-9B63-B669F576BCC0}.Debug|iPhoneSimulator.Deploy.0 = Debug|Any CPU
		{EC769B7C-967D-4D08-9B63-B669F576BCC0}.Debug|x64.ActiveCfg = Debug|Any CPU
		{EC769B7C-967D-4D08-9B63-B669F576BCC0}.Debug|x64.Build.0 = Debug|Any CPU
		{EC769B7C-967D-4D08-9B63-B669F576BCC0}.Debug|x64.Deploy.0 = Debug|Any CPU
		{EC769B7C-967D-4D08-9B63-B669F576BCC0}.Debug|x86.ActiveCfg = Debug|Any CPU
		{EC769B7C-967D-4D08-9B63-B669F576BCC0}.Debug|x86.Build.0 = Debug|Any CPU
		{EC769B7C-967D-4D08-9B63-B669F576BCC0}.Debug|x86.Deploy.0 = Debug|Any CPU
		{EC769B7C-967D-4D08-9B63-B669F576BCC0}.Release|Any CPU.ActiveCfg = Release|Any CPU
		{EC769B7C-967D-4D08-9B63-B669F576BCC0}.Release|Any CPU.Build.0 = Release|Any CPU
		{EC769B7C-967D-4D08-9B63-B669F576BCC0}.Release|Any CPU.Deploy.0 = Release|Any CPU
		{EC769B7C-967D-4D08-9B63-B669F576BCC0}.Release|ARM.ActiveCfg = Release|Any CPU
		{EC769B7C-967D-4D08-9B63-B669F576BCC0}.Release|ARM.Build.0 = Release|Any CPU
		{EC769B7C-967D-4D08-9B63-B669F576BCC0}.Release|ARM.Deploy.0 = Release|Any CPU
		{EC769B7C-967D-4D08-9B63-B669F576BCC0}.Release|iPhone.ActiveCfg = Release|Any CPU
		{EC769B7C-967D-4D08-9B63-B669F576BCC0}.Release|iPhone.Build.0 = Release|Any CPU
		{EC769B7C-967D-4D08-9B63-B669F576BCC0}.Release|iPhone.Deploy.0 = Release|Any CPU
		{EC769B7C-967D-4D08-9B63-B669F576BCC0}.Release|iPhoneSimulator.ActiveCfg = Release|Any CPU
		{EC769B7C-967D-4D08-9B63-B669F576BCC0}.Release|iPhoneSimulator.Build.0 = Release|Any CPU
		{EC769B7C-967D-4D08-9B63-B669F576BCC0}.Release|iPhoneSimulator.Deploy.0 = Release|Any CPU
		{EC769B7C-967D-4D08-9B63-B669F576BCC0}.Release|x64.ActiveCfg = Release|Any CPU
		{EC769B7C-967D-4D08-9B63-B669F576BCC0}.Release|x64.Build.0 = Release|Any CPU
		{EC769B7C-967D-4D08-9B63-B669F576BCC0}.Release|x64.Deploy.0 = Release|Any CPU
		{EC769B7C-967D-4D08-9B63-B669F576BCC0}.Release|x86.ActiveCfg = Release|Any CPU
		{EC769B7C-967D-4D08-9B63-B669F576BCC0}.Release|x86.Build.0 = Release|Any CPU
		{EC769B7C-967D-4D08-9B63-B669F576BCC0}.Release|x86.Deploy.0 = Release|Any CPU
		{B816F1FA-2972-45FF-8988-32966BCAD9C4}.Debug|Any CPU.ActiveCfg = Debug|iPhoneSimulator
		{B816F1FA-2972-45FF-8988-32966BCAD9C4}.Debug|Any CPU.Build.0 = Debug|iPhoneSimulator
		{B816F1FA-2972-45FF-8988-32966BCAD9C4}.Debug|Any CPU.Deploy.0 = Debug|iPhoneSimulator
		{B816F1FA-2972-45FF-8988-32966BCAD9C4}.Debug|ARM.ActiveCfg = Debug|iPhone
		{B816F1FA-2972-45FF-8988-32966BCAD9C4}.Debug|ARM.Build.0 = Debug|iPhone
		{B816F1FA-2972-45FF-8988-32966BCAD9C4}.Debug|ARM.Deploy.0 = Debug|iPhone
		{B816F1FA-2972-45FF-8988-32966BCAD9C4}.Debug|iPhone.ActiveCfg = Debug|iPhone
		{B816F1FA-2972-45FF-8988-32966BCAD9C4}.Debug|iPhone.Build.0 = Debug|iPhone
		{B816F1FA-2972-45FF-8988-32966BCAD9C4}.Debug|iPhone.Deploy.0 = Debug|iPhone
		{B816F1FA-2972-45FF-8988-32966BCAD9C4}.Debug|iPhoneSimulator.ActiveCfg = Debug|iPhoneSimulator
		{B816F1FA-2972-45FF-8988-32966BCAD9C4}.Debug|iPhoneSimulator.Build.0 = Debug|iPhoneSimulator
		{B816F1FA-2972-45FF-8988-32966BCAD9C4}.Debug|iPhoneSimulator.Deploy.0 = Debug|iPhoneSimulator
		{B816F1FA-2972-45FF-8988-32966BCAD9C4}.Debug|x64.ActiveCfg = Debug|iPhoneSimulator
		{B816F1FA-2972-45FF-8988-32966BCAD9C4}.Debug|x64.Build.0 = Debug|iPhoneSimulator
		{B816F1FA-2972-45FF-8988-32966BCAD9C4}.Debug|x64.Deploy.0 = Debug|iPhoneSimulator
		{B816F1FA-2972-45FF-8988-32966BCAD9C4}.Debug|x86.ActiveCfg = Debug|iPhoneSimulator
		{B816F1FA-2972-45FF-8988-32966BCAD9C4}.Debug|x86.Build.0 = Debug|iPhoneSimulator
		{B816F1FA-2972-45FF-8988-32966BCAD9C4}.Debug|x86.Deploy.0 = Debug|iPhoneSimulator
		{B816F1FA-2972-45FF-8988-32966BCAD9C4}.Release|Any CPU.ActiveCfg = Release|iPhoneSimulator
		{B816F1FA-2972-45FF-8988-32966BCAD9C4}.Release|Any CPU.Build.0 = Release|iPhoneSimulator
		{B816F1FA-2972-45FF-8988-32966BCAD9C4}.Release|Any CPU.Deploy.0 = Release|iPhoneSimulator
		{B816F1FA-2972-45FF-8988-32966BCAD9C4}.Release|ARM.ActiveCfg = Release|iPhoneSimulator
		{B816F1FA-2972-45FF-8988-32966BCAD9C4}.Release|ARM.Build.0 = Release|iPhoneSimulator
		{B816F1FA-2972-45FF-8988-32966BCAD9C4}.Release|ARM.Deploy.0 = Release|iPhoneSimulator
		{B816F1FA-2972-45FF-8988-32966BCAD9C4}.Release|iPhone.ActiveCfg = Release|iPhone
		{B816F1FA-2972-45FF-8988-32966BCAD9C4}.Release|iPhone.Build.0 = Release|iPhone
		{B816F1FA-2972-45FF-8988-32966BCAD9C4}.Release|iPhone.Deploy.0 = Release|iPhone
		{B816F1FA-2972-45FF-8988-32966BCAD9C4}.Release|iPhoneSimulator.ActiveCfg = Release|iPhoneSimulator
		{B816F1FA-2972-45FF-8988-32966BCAD9C4}.Release|iPhoneSimulator.Build.0 = Release|iPhoneSimulator
		{B816F1FA-2972-45FF-8988-32966BCAD9C4}.Release|iPhoneSimulator.Deploy.0 = Release|iPhoneSimulator
		{B816F1FA-2972-45FF-8988-32966BCAD9C4}.Release|x64.ActiveCfg = Release|iPhoneSimulator
		{B816F1FA-2972-45FF-8988-32966BCAD9C4}.Release|x64.Build.0 = Release|iPhoneSimulator
		{B816F1FA-2972-45FF-8988-32966BCAD9C4}.Release|x64.Deploy.0 = Release|iPhoneSimulator
		{B816F1FA-2972-45FF-8988-32966BCAD9C4}.Release|x86.ActiveCfg = Release|iPhoneSimulator
		{B816F1FA-2972-45FF-8988-32966BCAD9C4}.Release|x86.Build.0 = Release|iPhoneSimulator
		{B816F1FA-2972-45FF-8988-32966BCAD9C4}.Release|x86.Deploy.0 = Release|iPhoneSimulator
		{8F29FA16-98D2-4C1A-B442-31FD0C4DFEC6}.Debug|Any CPU.ActiveCfg = Debug|Any CPU
		{8F29FA16-98D2-4C1A-B442-31FD0C4DFEC6}.Debug|Any CPU.Build.0 = Debug|Any CPU
		{8F29FA16-98D2-4C1A-B442-31FD0C4DFEC6}.Debug|Any CPU.Deploy.0 = Debug|Any CPU
		{8F29FA16-98D2-4C1A-B442-31FD0C4DFEC6}.Debug|ARM.ActiveCfg = Debug|Any CPU
		{8F29FA16-98D2-4C1A-B442-31FD0C4DFEC6}.Debug|ARM.Build.0 = Debug|Any CPU
		{8F29FA16-98D2-4C1A-B442-31FD0C4DFEC6}.Debug|ARM.Deploy.0 = Debug|Any CPU
		{8F29FA16-98D2-4C1A-B442-31FD0C4DFEC6}.Debug|iPhone.ActiveCfg = Debug|Any CPU
		{8F29FA16-98D2-4C1A-B442-31FD0C4DFEC6}.Debug|iPhone.Build.0 = Debug|Any CPU
		{8F29FA16-98D2-4C1A-B442-31FD0C4DFEC6}.Debug|iPhone.Deploy.0 = Debug|Any CPU
		{8F29FA16-98D2-4C1A-B442-31FD0C4DFEC6}.Debug|iPhoneSimulator.ActiveCfg = Debug|Any CPU
		{8F29FA16-98D2-4C1A-B442-31FD0C4DFEC6}.Debug|iPhoneSimulator.Build.0 = Debug|Any CPU
		{8F29FA16-98D2-4C1A-B442-31FD0C4DFEC6}.Debug|iPhoneSimulator.Deploy.0 = Debug|Any CPU
		{8F29FA16-98D2-4C1A-B442-31FD0C4DFEC6}.Debug|x64.ActiveCfg = Debug|Any CPU
		{8F29FA16-98D2-4C1A-B442-31FD0C4DFEC6}.Debug|x64.Build.0 = Debug|Any CPU
		{8F29FA16-98D2-4C1A-B442-31FD0C4DFEC6}.Debug|x64.Deploy.0 = Debug|Any CPU
		{8F29FA16-98D2-4C1A-B442-31FD0C4DFEC6}.Debug|x86.ActiveCfg = Debug|Any CPU
		{8F29FA16-98D2-4C1A-B442-31FD0C4DFEC6}.Debug|x86.Build.0 = Debug|Any CPU
		{8F29FA16-98D2-4C1A-B442-31FD0C4DFEC6}.Debug|x86.Deploy.0 = Debug|Any CPU
		{8F29FA16-98D2-4C1A-B442-31FD0C4DFEC6}.Release|Any CPU.ActiveCfg = Release|Any CPU
		{8F29FA16-98D2-4C1A-B442-31FD0C4DFEC6}.Release|Any CPU.Build.0 = Release|Any CPU
		{8F29FA16-98D2-4C1A-B442-31FD0C4DFEC6}.Release|Any CPU.Deploy.0 = Release|Any CPU
		{8F29FA16-98D2-4C1A-B442-31FD0C4DFEC6}.Release|ARM.ActiveCfg = Release|Any CPU
		{8F29FA16-98D2-4C1A-B442-31FD0C4DFEC6}.Release|ARM.Build.0 = Release|Any CPU
		{8F29FA16-98D2-4C1A-B442-31FD0C4DFEC6}.Release|ARM.Deploy.0 = Release|Any CPU
		{8F29FA16-98D2-4C1A-B442-31FD0C4DFEC6}.Release|iPhone.ActiveCfg = Release|Any CPU
		{8F29FA16-98D2-4C1A-B442-31FD0C4DFEC6}.Release|iPhone.Build.0 = Release|Any CPU
		{8F29FA16-98D2-4C1A-B442-31FD0C4DFEC6}.Release|iPhone.Deploy.0 = Release|Any CPU
		{8F29FA16-98D2-4C1A-B442-31FD0C4DFEC6}.Release|iPhoneSimulator.ActiveCfg = Release|Any CPU
		{8F29FA16-98D2-4C1A-B442-31FD0C4DFEC6}.Release|iPhoneSimulator.Build.0 = Release|Any CPU
		{8F29FA16-98D2-4C1A-B442-31FD0C4DFEC6}.Release|iPhoneSimulator.Deploy.0 = Release|Any CPU
		{8F29FA16-98D2-4C1A-B442-31FD0C4DFEC6}.Release|x64.ActiveCfg = Release|Any CPU
		{8F29FA16-98D2-4C1A-B442-31FD0C4DFEC6}.Release|x64.Build.0 = Release|Any CPU
		{8F29FA16-98D2-4C1A-B442-31FD0C4DFEC6}.Release|x64.Deploy.0 = Release|Any CPU
		{8F29FA16-98D2-4C1A-B442-31FD0C4DFEC6}.Release|x86.ActiveCfg = Release|Any CPU
		{8F29FA16-98D2-4C1A-B442-31FD0C4DFEC6}.Release|x86.Build.0 = Release|Any CPU
		{8F29FA16-98D2-4C1A-B442-31FD0C4DFEC6}.Release|x86.Deploy.0 = Release|Any CPU
	EndGlobalSection
	GlobalSection(SolutionProperties) = preSolution
		HideSolutionNode = FALSE
	EndGlobalSection
	GlobalSection(ExtensibilityGlobals) = postSolution
		SolutionGuid = {64A5C542-850F-4738-BAAD-55EDDB6D3F24}
	EndGlobalSection
EndGlobal
